
Microsoft Visual Studio Solution File, Format Version 12.00
# Visual Studio Version 16
VisualStudioVersion = 16.0.32106.194
MinimumVisualStudioVersion = 10.0.40219.1
Project("{FAE04EC0-301F-11D3-BF4B-00C04F79EFBC}") = "P225FirstVisual", "P225FirstVisual\P225FirstVisual.csproj", "{7BEFAADD-8690-4D69-AF4E-9C34A72B5AEA}"
EndProject
Global
	GlobalSection(SolutionConfigurationPlatforms) = preSolution
		Debug|Any CPU = Debug|Any CPU
		Release|Any CPU = Release|Any CPU
	EndGlobalSection
	GlobalSection(ProjectConfigurationPlatforms) = postSolution
		{7BEFAADD-8690-4D69-AF4E-9C34A72B5AEA}.Debug|Any CPU.ActiveCfg = Debug|Any CPU
		{7BEFAADD-8690-4D69-AF4E-9C34A72B5AEA}.Debug|Any CPU.Build.0 = Debug|Any CPU
		{7BEFAADD-8690-4D69-AF4E-9C34A72B5AEA}.Release|Any CPU.ActiveCfg = Release|Any CPU
		{7BEFAADD-8690-4D69-AF4E-9C34A72B5AEA}.Release|Any CPU.Build.0 = Release|Any CPU
	EndGlobalSection
	GlobalSection(SolutionProperties) = preSolution
		HideSolutionNode = FALSE
	EndGlobalSection
	GlobalSection(ExtensibilityGlobals) = postSolution
		SolutionGuid = {3F9A04B4-510A-4E80-88BE-A56F7E88342C}
	EndGlobalSection
EndGlobal
